/scratch/indikar_root/indikar1/shared_data/ASW_scanvi_model/flags/6000.done
/scratch/indikar_root/indikar1/shared_data/ASW_scanvi_model/benchmarks/9000_benchmark.csv
/scratch/indikar_root/indikar1/shared_data/ASW_scanvi_model/benchmarks/3000_benchmark.csv
/scratch/indikar_root/indikar1/shared_data/ASW_scanvi_model/flags/9000.done
/scratch/indikar_root/indikar1/shared_data/ASW_scanvi_model/benchmarks/6000_benchmark.csv
/scratch/indikar_root/indikar1/shared_data/ASW_scanvi_model/benchmarks/15000_benchmark.csv
/scratch/indikar_root/indikar1/shared_data/ASW_scanvi_model/flags/12000.done
/scratch/indikar_root/indikar1/shared_data/ASW_scanvi_model/flags/3000.done
/scratch/indikar_root/indikar1/shared_data/ASW_scanvi_model/benchmarks/12000_benchmark.csv
/scratch/indikar_root/indikar1/shared_data/ASW_scanvi_model/flags/15000.done
